
Microsoft Visual Studio Solution File, Format Version 12.00
# Visual Studio Version 17
VisualStudioVersion = 17.13.35931.197
MinimumVisualStudioVersion = 10.0.40219.1
Project("{FAE04EC0-301F-11D3-BF4B-00C04F79EFBC}") = "Bangla.net", "Bangla.net\Bangla.net.csproj", "{C39405D3-22CB-F212-5C5C-1848D9D21F79}"
EndProject
Project("{FAE04EC0-301F-11D3-BF4B-00C04F79EFBC}") = "TestBangla.net", "TestBangla.net\TestBangla.net.csproj", "{4D924D9E-9826-CD65-D25B-EEABAADEF8F4}"
EndProject
Global
	GlobalSection(SolutionConfigurationPlatforms) = preSolution
		Debug|Any CPU = Debug|Any CPU
		Release|Any CPU = Release|Any CPU
	EndGlobalSection
	GlobalSection(ProjectConfigurationPlatforms) = postSolution
		{C39405D3-22CB-F212-5C5C-1848D9D21F79}.Debug|Any CPU.ActiveCfg = Debug|Any CPU
		{C39405D3-22CB-F212-5C5C-1848D9D21F79}.Debug|Any CPU.Build.0 = Debug|Any CPU
		{C39405D3-22CB-F212-5C5C-1848D9D21F79}.Release|Any CPU.ActiveCfg = Release|Any CPU
		{C39405D3-22CB-F212-5C5C-1848D9D21F79}.Release|Any CPU.Build.0 = Release|Any CPU
		{4D924D9E-9826-CD65-D25B-EEABAADEF8F4}.Debug|Any CPU.ActiveCfg = Debug|Any CPU
		{4D924D9E-9826-CD65-D25B-EEABAADEF8F4}.Debug|Any CPU.Build.0 = Debug|Any CPU
		{4D924D9E-9826-CD65-D25B-EEABAADEF8F4}.Release|Any CPU.ActiveCfg = Release|Any CPU
		{4D924D9E-9826-CD65-D25B-EEABAADEF8F4}.Release|Any CPU.Build.0 = Release|Any CPU
	EndGlobalSection
	GlobalSection(SolutionProperties) = preSolution
		HideSolutionNode = FALSE
	EndGlobalSection
	GlobalSection(ExtensibilityGlobals) = postSolution
		SolutionGuid = {AB2AEF65-A60C-4A8E-98CB-8B7258B46E95}
	EndGlobalSection
EndGlobal
